// !$*UTF8*$!
{
	archiveVersion = 1;
	classes = {
	};
	objectVersion = 50;
	objects = {

/* Begin PBXBuildFile section */
		E52EABB326A1EE2200AFF624 /* SwiftUIAnimationApp.swift in Sources */ = {isa = PBXBuildFile; fileRef = E52EABB226A1EE2200AFF624 /* SwiftUIAnimationApp.swift */; };
		E52EABB526A1EE2200AFF624 /* ContentView.swift in Sources */ = {isa = PBXBuildFile; fileRef = E52EABB426A1EE2200AFF624 /* ContentView.swift */; };
		E52EABB726A1EE2300AFF624 /* Assets.xcassets in Resources */ = {isa = PBXBuildFile; fileRef = E52EABB626A1EE2300AFF624 /* Assets.xcassets */; };
		E52EABBA26A1EE2300AFF624 /* Preview Assets.xcassets in Resources */ = {isa = PBXBuildFile; fileRef = E52EABB926A1EE2300AFF624 /* Preview Assets.xcassets */; };
		E52EABC226A1EE8800AFF624 /* ViewModel.swift in Sources */ = {isa = PBXBuildFile; fileRef = E52EABC126A1EE8800AFF624 /* ViewModel.swift */; };
		E52EABC426A1EF9F00AFF624 /* SimpleSpringView.swift in Sources */ = {isa = PBXBuildFile; fileRef = E52EABC326A1EF9F00AFF624 /* SimpleSpringView.swift */; };
		E52EABC726A1F34800AFF624 /* ShapeMorphingView.swift in Sources */ = {isa = PBXBuildFile; fileRef = E52EABC626A1F34800AFF624 /* ShapeMorphingView.swift */; };
		E52EABC926A1FA4800AFF624 /* ColorShiftView.swift in Sources */ = {isa = PBXBuildFile; fileRef = E52EABC826A1FA4800AFF624 /* ColorShiftView.swift */; };
		E52EABCB26A1FC5A00AFF624 /* SimpleLoadingSpinner.swift in Sources */ = {isa = PBXBuildFile; fileRef = E52EABCA26A1FC5A00AFF624 /* SimpleLoadingSpinner.swift */; };
		E52EABCD26A205A200AFF624 /* CircleProgressView.swift in Sources */ = {isa = PBXBuildFile; fileRef = E52EABCC26A205A200AFF624 /* CircleProgressView.swift */; };
		E5D7C5CD26A5CA940012468A /* AnchorPointView.swift in Sources */ = {isa = PBXBuildFile; fileRef = E5D7C5CC26A5CA940012468A /* AnchorPointView.swift */; };
/* End PBXBuildFile section */

/* Begin PBXFileReference section */
		E52EABAF26A1EE2200AFF624 /* SwiftUIAnimation.app */ = {isa = PBXFileReference; explicitFileType = wrapper.application; includeInIndex = 0; path = SwiftUIAnimation.app; sourceTree = BUILT_PRODUCTS_DIR; };
		E52EABB226A1EE2200AFF624 /* SwiftUIAnimationApp.swift */ = {isa = PBXFileReference; lastKnownFileType = sourcecode.swift; path = SwiftUIAnimationApp.swift; sourceTree = "<group>"; };
		E52EABB426A1EE2200AFF624 /* ContentView.swift */ = {isa = PBXFileReference; lastKnownFileType = sourcecode.swift; path = ContentView.swift; sourceTree = "<group>"; };
		E52EABB626A1EE2300AFF624 /* Assets.xcassets */ = {isa = PBXFileReference; lastKnownFileType = folder.assetcatalog; path = Assets.xcassets; sourceTree = "<group>"; };
		E52EABB926A1EE2300AFF624 /* Preview Assets.xcassets */ = {isa = PBXFileReference; lastKnownFileType = folder.assetcatalog; path = "Preview Assets.xcassets"; sourceTree = "<group>"; };
		E52EABBB26A1EE2300AFF624 /* Info.plist */ = {isa = PBXFileReference; lastKnownFileType = text.plist.xml; path = Info.plist; sourceTree = "<group>"; };
		E52EABC126A1EE8800AFF624 /* ViewModel.swift */ = {isa = PBXFileReference; lastKnownFileType = sourcecode.swift; path = ViewModel.swift; sourceTree = "<group>"; };
		E52EABC326A1EF9F00AFF624 /* SimpleSpringView.swift */ = {isa = PBXFileReference; lastKnownFileType = sourcecode.swift; path = SimpleSpringView.swift; sourceTree = "<group>"; };
		E52EABC626A1F34800AFF624 /* ShapeMorphingView.swift */ = {isa = PBXFileReference; lastKnownFileType = sourcecode.swift; path = ShapeMorphingView.swift; sourceTree = "<group>"; };
		E52EABC826A1FA4800AFF624 /* ColorShiftView.swift */ = {isa = PBXFileReference; lastKnownFileType = sourcecode.swift; path = ColorShiftView.swift; sourceTree = "<group>"; };
		E52EABCA26A1FC5A00AFF624 /* SimpleLoadingSpinner.swift */ = {isa = PBXFileReference; lastKnownFileType = sourcecode.swift; path = SimpleLoadingSpinner.swift; sourceTree = "<group>"; };
		E52EABCC26A205A200AFF624 /* CircleProgressView.swift */ = {isa = PBXFileReference; lastKnownFileType = sourcecode.swift; path = CircleProgressView.swift; sourceTree = "<group>"; };
		E5D7C5CC26A5CA940012468A /* AnchorPointView.swift */ = {isa = PBXFileReference; lastKnownFileType = sourcecode.swift; path = AnchorPointView.swift; sourceTree = "<group>"; };
/* End PBXFileReference section */

/* Begin PBXFrameworksBuildPhase section */
		E52EABAC26A1EE2200AFF624 /* Frameworks */ = {
			isa = PBXFrameworksBuildPhase;
			buildActionMask = 2147483647;
			files = (
			);
			runOnlyForDeploymentPostprocessing = 0;
		};
/* End PBXFrameworksBuildPhase section */

/* Begin PBXGroup section */
		E52EABA626A1EE2200AFF624 = {
			isa = PBXGroup;
			children = (
				E52EABB126A1EE2200AFF624 /* SwiftUIAnimation */,
				E52EABB026A1EE2200AFF624 /* Products */,
			);
			sourceTree = "<group>";
		};
		E52EABB026A1EE2200AFF624 /* Products */ = {
			isa = PBXGroup;
			children = (
				E52EABAF26A1EE2200AFF624 /* SwiftUIAnimation.app */,
			);
			name = Products;
			sourceTree = "<group>";
		};
		E52EABB126A1EE2200AFF624 /* SwiftUIAnimation */ = {
			isa = PBXGroup;
			children = (
				E52EABB226A1EE2200AFF624 /* SwiftUIAnimationApp.swift */,
				E52EABB426A1EE2200AFF624 /* ContentView.swift */,
				E52EABC126A1EE8800AFF624 /* ViewModel.swift */,
				E52EABC526A1F05800AFF624 /* Views */,
				E52EABB626A1EE2300AFF624 /* Assets.xcassets */,
				E52EABBB26A1EE2300AFF624 /* Info.plist */,
				E52EABB826A1EE2300AFF624 /* Preview Content */,
			);
			path = SwiftUIAnimation;
			sourceTree = "<group>";
		};
		E52EABB826A1EE2300AFF624 /* Preview Content */ = {
			isa = PBXGroup;
			children = (
				E52EABB926A1EE2300AFF624 /* Preview Assets.xcassets */,
			);
			path = "Preview Content";
			sourceTree = "<group>";
		};
		E52EABC526A1F05800AFF624 /* Views */ = {
			isa = PBXGroup;
			children = (
				E52EABC326A1EF9F00AFF624 /* SimpleSpringView.swift */,
				E52EABC626A1F34800AFF624 /* ShapeMorphingView.swift */,
				E52EABC826A1FA4800AFF624 /* ColorShiftView.swift */,
				E52EABCA26A1FC5A00AFF624 /* SimpleLoadingSpinner.swift */,
				E52EABCC26A205A200AFF624 /* CircleProgressView.swift */,
				E5D7C5CC26A5CA940012468A /* AnchorPointView.swift */,
			);
			path = Views;
			sourceTree = "<group>";
		};
/* End PBXGroup section */

/* Begin PBXNativeTarget section */
		E52EABAE26A1EE2200AFF624 /* SwiftUIAnimation */ = {
			isa = PBXNativeTarget;
			buildConfigurationList = E52EABBE26A1EE2300AFF624 /* Build configuration list for PBXNativeTarget "SwiftUIAnimation" */;
			buildPhases = (
				E52EABAB26A1EE2200AFF624 /* Sources */,
				E52EABAC26A1EE2200AFF624 /* Frameworks */,
				E52EABAD26A1EE2200AFF624 /* Resources */,
			);
			buildRules = (
			);
			dependencies = (
			);
			name = SwiftUIAnimation;
			productName = SwiftUIAnimation;
			productReference = E52EABAF26A1EE2200AFF624 /* SwiftUIAnimation.app */;
			productType = "com.apple.product-type.application";
		};
/* End PBXNativeTarget section */

/* Begin PBXProject section */
		E52EABA726A1EE2200AFF624 /* Project object */ = {
			isa = PBXProject;
			attributes = {
				LastSwiftUpdateCheck = 1250;
				LastUpgradeCheck = 1250;
				TargetAttributes = {
					E52EABAE26A1EE2200AFF624 = {
						CreatedOnToolsVersion = 12.5;
					};
				};
			};
			buildConfigurationList = E52EABAA26A1EE2200AFF624 /* Build configuration list for PBXProject "SwiftUIAnimation" */;
			compatibilityVersion = "Xcode 9.3";
			developmentRegion = en;
			hasScannedForEncodings = 0;
			knownRegions = (
				en,
				Base,
			);
			mainGroup = E52EABA626A1EE2200AFF624;
			productRefGroup = E52EABB026A1EE2200AFF624 /* Products */;
			projectDirPath = "";
			projectRoot = "";
			targets = (
				E52EABAE26A1EE2200AFF624 /* SwiftUIAnimation */,
			);
		};
/* End PBXProject section */

/* Begin PBXResourcesBuildPhase section */
		E52EABAD26A1EE2200AFF624 /* Resources */ = {
			isa = PBXResourcesBuildPhase;
			buildActionMask = 2147483647;
			files = (
				E52EABBA26A1EE2300AFF624 /* Preview Assets.xcassets in Resources */,
				E52EABB726A1EE2300AFF624 /* Assets.xcassets in Resources */,
			);
			runOnlyForDeploymentPostprocessing = 0;
		};
/* End PBXResourcesBuildPhase section */

/* Begin PBXSourcesBuildPhase section */
		E52EABAB26A1EE2200AFF624 /* Sources */ = {
			isa = PBXSourcesBuildPhase;
			buildActionMask = 2147483647;
			files = (
				E52EABB526A1EE2200AFF624 /* ContentView.swift in Sources */,
				E52EABC226A1EE8800AFF624 /* ViewModel.swift in Sources */,
				E5D7C5CD26A5CA940012468A /* AnchorPointView.swift in Sources */,
				E52EABC426A1EF9F00AFF624 /* SimpleSpringView.swift in Sources */,
				E52EABB326A1EE2200AFF624 /* SwiftUIAnimationApp.swift in Sources */,
				E52EABC726A1F34800AFF624 /* ShapeMorphingView.swift in Sources */,
				E52EABCD26A205A200AFF624 /* CircleProgressView.swift in Sources */,
				E52EABCB26A1FC5A00AFF624 /* SimpleLoadingSpinner.swift in Sources */,
				E52EABC926A1FA4800AFF624 /* ColorShiftView.swift in Sources */,
			);
			runOnlyForDeploymentPostprocessing = 0;
		};
/* End PBXSourcesBuildPhase section */

/* Begin XCBuildConfiguration section */
		E52EABBC26A1EE2300AFF624 /* Debug */ = {
			isa = XCBuildConfiguration;
			buildSettings = {
				ALWAYS_SEARCH_USER_PATHS = NO;
				CLANG_ANALYZER_NONNULL = YES;
				CLANG_ANALYZER_NUMBER_OBJECT_CONVERSION = YES_AGGRESSIVE;
				CLANG_CXX_LANGUAGE_STANDARD = "gnu++14";
				CLANG_CXX_LIBRARY = "libc++";
				CLANG_ENABLE_MODULES = YES;
				CLANG_ENABLE_OBJC_ARC = YES;
				CLANG_ENABLE_OBJC_WEAK = YES;
				CLANG_WARN_BLOCK_CAPTURE_AUTORELEASING = YES;
				CLANG_WARN_BOOL_CONVERSION = YES;
				CLANG_WARN_COMMA = YES;
				CLANG_WARN_CONSTANT_CONVERSION = YES;
				CLANG_WARN_DEPRECATED_OBJC_IMPLEMENTATIONS = YES;
				CLANG_WARN_DIRECT_OBJC_ISA_USAGE = YES_ERROR;
				CLANG_WARN_DOCUMENTATION_COMMENTS = YES;
				CLANG_WARN_EMPTY_BODY = YES;
				CLANG_WARN_ENUM_CONVERSION = YES;
				CLANG_WARN_INFINITE_RECURSION = YES;
				CLANG_WARN_INT_CONVERSION = YES;
				CLANG_WARN_NON_LITERAL_NULL_CONVERSION = YES;
				CLANG_WARN_OBJC_IMPLICIT_RETAIN_SELF = YES;
				CLANG_WARN_OBJC_LITERAL_CONVERSION = YES;
				CLANG_WARN_OBJC_ROOT_CLASS = YES_ERROR;
				CLANG_WARN_QUOTED_INCLUDE_IN_FRAMEWORK_HEADER = YES;
				CLANG_WARN_RANGE_LOOP_ANALYSIS = YES;
				CLANG_WARN_STRICT_PROTOTYPES = YES;
				CLANG_WARN_SUSPICIOUS_MOVE = YES;
				CLANG_WARN_UNGUARDED_AVAILABILITY = YES_AGGRESSIVE;
				CLANG_WARN_UNREACHABLE_CODE = YES;
				CLANG_WARN__DUPLICATE_METHOD_MATCH = YES;
				COPY_PHASE_STRIP = NO;
				DEBUG_INFORMATION_FORMAT = dwarf;
				ENABLE_STRICT_OBJC_MSGSEND = YES;
				ENABLE_TESTABILITY = YES;
				GCC_C_LANGUAGE_STANDARD = gnu11;
				GCC_DYNAMIC_NO_PIC = NO;
				GCC_NO_COMMON_BLOCKS = YES;
				GCC_OPTIMIZATION_LEVEL = 0;
				GCC_PREPROCESSOR_DEFINITIONS = (
					"DEBUG=1",
					"$(inherited)",
				);
				GCC_WARN_64_TO_32_BIT_CONVERSION = YES;
				GCC_WARN_ABOUT_RETURN_TYPE = YES_ERROR;
				GCC_WARN_UNDECLARED_SELECTOR = YES;
				GCC_WARN_UNINITIALIZED_AUTOS = YES_AGGRESSIVE;
				GCC_WARN_UNUSED_FUNCTION = YES;
				GCC_WARN_UNUSED_VARIABLE = YES;
				IPHONEOS_DEPLOYMENT_TARGET = 14.5;
				MTL_ENABLE_DEBUG_INFO = INCLUDE_SOURCE;
				MTL_FAST_MATH = YES;
				ONLY_ACTIVE_ARCH = YES;
				SDKROOT = iphoneos;
				SWIFT_ACTIVE_COMPILATION_CONDITIONS = DEBUG;
				SWIFT_OPTIMIZATION_LEVEL = "-Onone";
			};
			name = Debug;
		};
		E52EABBD26A1EE2300AFF624 /* Release */ = {
			isa = XCBuildConfiguration;
			buildSettings = {
				ALWAYS_SEARCH_USER_PATHS = NO;
				CLANG_ANALYZER_NONNULL = YES;
				CLANG_ANALYZER_NUMBER_OBJECT_CONVERSION = YES_AGGRESSIVE;
				CLANG_CXX_LANGUAGE_STANDARD = "gnu++14";
				CLANG_CXX_LIBRARY = "libc++";
				CLANG_ENABLE_MODULES = YES;
				CLANG_ENABLE_OBJC_ARC = YES;
				CLANG_ENABLE_OBJC_WEAK = YES;
				CLANG_WARN_BLOCK_CAPTURE_AUTORELEASING = YES;
				CLANG_WARN_BOOL_CONVERSION = YES;
				CLANG_WARN_COMMA = YES;
				CLANG_WARN_CONSTANT_CONVERSION = YES;
				CLANG_WARN_DEPRECATED_OBJC_IMPLEMENTATIONS = YES;
				CLANG_WARN_DIRECT_OBJC_ISA_USAGE = YES_ERROR;
				CLANG_WARN_DOCUMENTATION_COMMENTS = YES;
				CLANG_WARN_EMPTY_BODY = YES;
				CLANG_WARN_ENUM_CONVERSION = YES;
				CLANG_WARN_INFINITE_RECURSION = YES;
				CLANG_WARN_INT_CONVERSION = YES;
				CLANG_WARN_NON_LITERAL_NULL_CONVERSION = YES;
				CLANG_WARN_OBJC_IMPLICIT_RETAIN_SELF = YES;
				CLANG_WARN_OBJC_LITERAL_CONVERSION = YES;
				CLANG_WARN_OBJC_ROOT_CLASS = YES_ERROR;
				CLANG_WARN_QUOTED_INCLUDE_IN_FRAMEWORK_HEADER = YES;
				CLANG_WARN_RANGE_LOOP_ANALYSIS = YES;
				CLANG_WARN_STRICT_PROTOTYPES = YES;
				CLANG_WARN_SUSPICIOUS_MOVE = YES;
				CLANG_WARN_UNGUARDED_AVAILABILITY = YES_AGGRESSIVE;
				CLANG_WARN_UNREACHABLE_CODE = YES;
				CLANG_WARN__DUPLICATE_METHOD_MATCH = YES;
				COPY_PHASE_STRIP = NO;
				DEBUG_INFORMATION_FORMAT = "dwarf-with-dsym";
				ENABLE_NS_ASSERTIONS = NO;
				ENABLE_STRICT_OBJC_MSGSEND = YES;
				GCC_C_LANGUAGE_STANDARD = gnu11;
				GCC_NO_COMMON_BLOCKS = YES;
				GCC_WARN_64_TO_32_BIT_CONVERSION = YES;
				GCC_WARN_ABOUT_RETURN_TYPE = YES_ERROR;
				GCC_WARN_UNDECLARED_SELECTOR = YES;
				GCC_WARN_UNINITIALIZED_AUTOS = YES_AGGRESSIVE;
				GCC_WARN_UNUSED_FUNCTION = YES;
				GCC_WARN_UNUSED_VARIABLE = YES;
				IPHONEOS_DEPLOYMENT_TARGET = 14.5;
				MTL_ENABLE_DEBUG_INFO = NO;
				MTL_FAST_MATH = YES;
				SDKROOT = iphoneos;
				SWIFT_COMPILATION_MODE = wholemodule;
				SWIFT_OPTIMIZATION_LEVEL = "-O";
				VALIDATE_PRODUCT = YES;
			};
			name = Release;
		};
		E52EABBF26A1EE2300AFF624 /* Debug */ = {
			isa = XCBuildConfiguration;
			buildSettings = {
				ASSETCATALOG_COMPILER_APPICON_NAME = AppIcon;
				ASSETCATALOG_COMPILER_GLOBAL_ACCENT_COLOR_NAME = AccentColor;
				CODE_SIGN_STYLE = Automatic;
				DEVELOPMENT_ASSET_PATHS = "\"SwiftUIAnimation/Preview Content\"";
				DEVELOPMENT_TEAM = 5B74F682NG;
				ENABLE_PREVIEWS = YES;
				INFOPLIST_FILE = SwiftUIAnimation/Info.plist;
				IPHONEOS_DEPLOYMENT_TARGET = 14.0;
				LD_RUNPATH_SEARCH_PATHS = (
					"$(inherited)",
					"@executable_path/Frameworks",
				);
				PRODUCT_BUNDLE_IDENTIFIER = io.syntaks.SwiftUIAnimation;
				PRODUCT_NAME = "$(TARGET_NAME)";
				SWIFT_VERSION = 5.0;
				TARGETED_DEVICE_FAMILY = "1,2";
			};
			name = Debug;
		};
		E52EABC026A1EE2300AFF624 /* Release */ = {
			isa = XCBuildConfiguration;
			buildSettings = {
				ASSETCATALOG_COMPILER_APPICON_NAME = AppIcon;
				ASSETCATALOG_COMPILER_GLOBAL_ACCENT_COLOR_NAME = AccentColor;
				CODE_SIGN_STYLE = Automatic;
				DEVELOPMENT_ASSET_PATHS = "\"SwiftUIAnimation/Preview Content\"";
				DEVELOPMENT_TEAM = 5B74F682NG;
				ENABLE_PREVIEWS = YES;
				INFOPLIST_FILE = SwiftUIAnimation/Info.plist;
				IPHONEOS_DEPLOYMENT_TARGET = 14.0;
				LD_RUNPATH_SEARCH_PATHS = (
					"$(inherited)",
					"@executable_path/Frameworks",
				);
				PRODUCT_BUNDLE_IDENTIFIER = io.syntaks.SwiftUIAnimation;
				PRODUCT_NAME = "$(TARGET_NAME)";
				SWIFT_VERSION = 5.0;
				TARGETED_DEVICE_FAMILY = "1,2";
			};
			name = Release;
		};
/* End XCBuildConfiguration section */

/* Begin XCConfigurationList section */
		E52EABAA26A1EE2200AFF624 /* Build configuration list for PBXProject "SwiftUIAnimation" */ = {
			isa = XCConfigurationList;
			buildConfigurations = (
				E52EABBC26A1EE2300AFF624 /* Debug */,
				E52EABBD26A1EE2300AFF624 /* Release */,
			);
			defaultConfigurationIsVisible = 0;
			defaultConfigurationName = Release;
		};
		E52EABBE26A1EE2300AFF624 /* Build configuration list for PBXNativeTarget "SwiftUIAnimation" */ = {
			isa = XCConfigurationList;
			buildConfigurations = (
				E52EABBF26A1EE2300AFF624 /* Debug */,
				E52EABC026A1EE2300AFF624 /* Release */,
			);
			defaultConfigurationIsVisible = 0;
			defaultConfigurationName = Release;
		};
/* End XCConfigurationList section */
	};
	rootObject = E52EABA726A1EE2200AFF624 /* Project object */;
}
